{
  "name": "purge-artifacts-action",
  "version": "0.0.1",
  "lockfileVersion": 1,
  "requires": true,
  "dependencies": {
    "@actions/core": {
      "version": "1.2.2",
      "resolved": "https://registry.npmjs.org/@actions/core/-/core-1.2.2.tgz",
      "integrity": "sha512-IbCx7oefq+Gi6FWbSs2Fnw8VkEI6Y4gvjrYprY3RV//ksq/KPMlClOerJ4jRosyal6zkUIc8R9fS/cpRMlGClg=="
    },
    "abbrev": {
      "version": "1.1.1",
      "bundled": true,
      "dev": true,
      "optional": true
    },
    "ansi-regex": {
      "version": "2.1.1",
      "bundled": true,
      "dev": true,
      "optional": true
    },
    "aproba": {
      "version": "1.2.0",
      "bundled": true,
      "dev": true,
      "optional": true
    }
  }
}
