PODS:
  - AWSCore (2.27.0)
  - CwlCatchException (2.1.1):
    - CwlCatchExceptionSupport (~> 2.1.1)
  - CwlCatchExceptionSupport (2.1.1)
  - CwlMachBadInstructionHandler (2.1.0)
  - CwlPosixPreconditionTesting (2.1.0)
  - CwlPreconditionTesting (2.1.0):
    - CwlCatchException (~> 2.1.1)
    - CwlMachBadInstructionHandler (~> 2.1.0)
    - CwlPosixPreconditionTesting (~> 2.1.0)
  - SwiftFormat/CLI (0.44.17)
  - SwiftLint (0.46.2)

DEPENDENCIES:
  - AWSCore (~> 2.27.0)
  - CwlPreconditionTesting (from `https://github.com/mattgallagher/CwlPreconditionTesting.git`, tag `2.1.0`)
  - SwiftFormat/CLI (= 0.44.17)
  - SwiftLint

SPEC REPOS:
  trunk:
    - AWSCore
    - CwlCatchException
    - CwlCatchExceptionSupport
    - CwlMachBadInstructionHandler
    - CwlPosixPreconditionTesting
    - SwiftFormat
    - SwiftLint

EXTERNAL SOURCES:
  CwlPreconditionTesting:
    :git: https://github.com/mattgallagher/CwlPreconditionTesting.git
    :tag: 2.1.0

CHECKOUT OPTIONS:
  CwlPreconditionTesting:
    :git: https://github.com/mattgallagher/CwlPreconditionTesting.git
    :tag: 2.1.0

SPEC CHECKSUMS:
  AWSCore: d605449939e5b40704f11ff9f91f905f7d978589
  CwlCatchException: 86760545af2a490a23e964d76d7c77442dbce79b
  CwlCatchExceptionSupport: a004322095d7101b945442c86adc7cec0650f676
  CwlMachBadInstructionHandler: aa1fe9f2d08b29507c150d099434b2890247e7f8
  CwlPosixPreconditionTesting: 1ba4471964405941f79b3f06bbcf3c2be782950c
  CwlPreconditionTesting: 73ae5de517a8761e5e40fb4136c6a26365af0440
  SwiftFormat: 3b5caa6389b2b9adbc00e133b3ccc8c6e687a6a4
  SwiftLint: 6bc52a21f0fd44cab9aa2dc8e534fb9f5e3ec507

PODFILE CHECKSUM: 5e20e56b8ef40444b018a3736b7b726ff9772f00

COCOAPODS: 1.11.3
