# This file is generated by running "yarn install" inside your project.
# Manual changes might be lost - proceed with caution!

__metadata:
  version: 6
  cacheKey: 9

"@actions/core@npm:^1.2.6":
  version: 1.2.6
  resolution: "@actions/core@npm:1.2.6"
  checksum: 034e57fcb5f944d5fb0ef55be1b212dd88e23d1a50aaffda874cb94e8f4bfa633a66f108f26e81a7cce287cd2b349aa88c97d2023135c8879495326db37a7feb
  languageName: node
  linkType: hard

"@algolia/cache-browser-local-storage@npm:4.2.0":
  version: 4.2.0
  resolution: "@algolia/cache-browser-local-storage@npm:4.2.0"
  dependencies:
    "@algolia/cache-common": 4.2.0
  checksum: 72ac158925eb5a51e015aa22df5d2026fc0c0b6b58eb8c1290712e0e66c39b7869848a9cd45f9c8a0aed4a52be6f3460028e4659785f4fd77e01afc2eada3254
  languageName: node
  linkType: hard

"@algolia/cache-common@npm:4.2.0":
  version: 4.2.0
  resolution: "@algolia/cache-common@npm:4.2.0"
  checksum: 096aaebc2ed317a7d8d12bc67a28d1c9e42024085755123090882177991112ef4a6d5f9d9bf24c8ac4f04c9191c2c2e7678d77622887b0dea4ac71bacb629006
  languageName: node
  linkType: hard

"@algolia/cache-in-memory@npm:4.2.0":
  version: 4.2.0
  resolution: "@algolia/cache-in-memory@npm:4.2.0"
  dependencies:
    "@algolia/cache-common": 4.2.0
  checksum: 15c40d65612346e8e1f134637c645e64646ef772c6514160a082167ff73f86a068344d664cf6eac41dbf4ec5494d3dd856a1c89c7cb3e187f4bcb39495218ae6
  languageName: node
  linkType: hard

"@algolia/client-account@npm:4.2.0":
  version: 4.2.0
  resolution: "@algolia/client-account@npm:4.2.0"
  dependencies:
    "@algolia/client-common": 4.2.0
    "@algolia/client-search": 4.2.0
    "@algolia/transporter": 4.2.0
  checksum: f5c8cf0d4221eb46f72e09cc425a99e8870995ce1555f29b890db7a86c7fd49e1c53c639748e0a73f2944e14cef0c3abbbb562ee3f36509d6867c64cf3782d08
  languageName: node
  linkType: hard

"@algolia/client-analytics@npm:4.2.0":
  version: 4.2.0
  resolution: "@algolia/client-analytics@npm:4.2.0"
  dependencies:
    "@algolia/client-common": 4.2.0
    "@algolia/client-search": 4.2.0
    "@algolia/requester-common": 4.2.0
    "@algolia/transporter": 4.2.0
  checksum: 4e50a10643fdfbf478eb797799e4cb723210d006afd3bddb09c5cce63465a8364b01d6c65960e004c729f10b99ae62266da2e94e2e21c2f4e5b69176bb036dc4
  languageName: node
  linkType: hard

"@algolia/client-common@npm:4.2.0":
  version: 4.2.0
  resolution: "@algolia/client-common@npm:4.2.0"
  dependencies:
    "@algolia/requester-common": 4.2.0
    "@algolia/transporter": 4.2.0
  checksum: b0636f521a2e73d44874c1629701c58aeda3914eddfce8f352f17efba33c6817cd5a020bc04fdf3ce46fd89f76a8e8114283f9d215f78504fbd5c8da1edf692a
  languageName: node
  linkType: hard

"@algolia/client-recommendation@npm:4.2.0":
  version: 4.2.0
  resolution: "@algolia/client-recommendation@npm:4.2.0"
  dependencies:
    "@algolia/client-common": 4.2.0
    "@algolia/requester-common": 4.2.0
    "@algolia/transporter": 4.2.0
  checksum: 0e00557f061d5b459474cdabb9606b950eda160a23bb817cbe8ef126b14b692b4feb2188efc4ad0c37b841d99c2412302c18ca208712a13cbdcee3c7d757d346
  languageName: node
  linkType: hard

"@algolia/client-search@npm:4.2.0":
  version: 4.2.0
  resolution: "@algolia/client-search@npm:4.2.0"
  dependencies:
    "@algolia/client-common": 4.2.0
    "@algolia/requester-common": 4.2.0
    "@algolia/transporter": 4.2.0
  checksum: cd43449b38c8880b22d945f4aee60ba9c0579f8507dd48f8b3626b09ae73c3ca498ddc16e42c2fd2cc642f839ad0f2bbb6c49e47780d0f10a30881d9ef441687
  languageName: node
  linkType: hard

"@algolia/logger-common@npm:4.2.0":
  version: 4.2.0
  resolution: "@algolia/logger-common@npm:4.2.0"
  checksum: 0a9a7e351c465f084f3c2e07a264804a99d92136a32ac0152a2672f6b801b1c22ed0b612b0cbad2c752be00acf70cefa32a354a077962b15aad97cd6a206da2d
  languageName: node
  linkType: hard

"@algolia/logger-console@npm:4.2.0":
  version: 4.2.0
  resolution: "@algolia/logger-console@npm:4.2.0"
  dependencies:
    "@algolia/logger-common": 4.2.0
  checksum: 3ab94a640702487b02fbe8ffb449f332cdb0308a2d0353ea30da66c0b0ae117c58c2c144e28153c0e2920b9db31cb35ec1652abcaa1689e7a885db1c8134d866
  languageName: node
  linkType: hard

"@algolia/requester-browser-xhr@npm:4.2.0":
  version: 4.2.0
  resolution: "@algolia/requester-browser-xhr@npm:4.2.0"
  dependencies:
    "@algolia/requester-common": 4.2.0
  checksum: 6c43a34e9f201d94efd89996939392a5e829f31b3b3ed5b7c93910cbccbcd67d840f13ec2b3f5cbadcecc1b322b4df3ab7b02113eae644f6374c180ae067cf8f
  languageName: node
  linkType: hard

"@algolia/requester-common@npm:4.0.0-beta.14":
  version: 4.0.0-beta.14
  resolution: "@algolia/requester-common@npm:4.0.0-beta.14"
  checksum: afa09865bbcff1fafc1266e9f29f0f2855181b39b1fb923c8f95d4901e8239728773476d4689599cf9e78abeb1100d84386dd24d76d789c5e3ead6fb815df894
  languageName: node
  linkType: hard

"@algolia/requester-common@npm:4.2.0":
  version: 4.2.0
  resolution: "@algolia/requester-common@npm:4.2.0"
  checksum: f15a6b7334163017e1b064db5a2dd91dd050e6c4df96bfbae7ac54213317b564c5099ba24578ac088ff4a4851ced24f560916ca84674c3e8737391f3c7322bb6
  languageName: node
  linkType: hard

"@algolia/requester-node-http@npm:4.2.0":
  version: 4.2.0
  resolution: "@algolia/requester-node-http@npm:4.2.0"
  dependencies:
    "@algolia/requester-common": 4.2.0
  checksum: 8664e9fd2d004ceaf87b10521602408402e9d7ca3db5679494b6759680d35dcbd5f9b0a79f5cf806548d8a67226cc60413cece69f64a3909535078eaba7711c2
  languageName: node
  linkType: hard

"@algolia/transporter@npm:4.2.0":
  version: 4.2.0
  resolution: "@algolia/transporter@npm:4.2.0"
  dependencies:
    "@algolia/cache-common": 4.2.0
    "@algolia/logger-common": 4.2.0
    "@algolia/requester-common": 4.2.0
  checksum: 83d8a6990a281c2955ab643cfbf19a5a7684391a623a4fde8f103f651e8cf410f2e09b203f66afd9bf08f8df2737e0f716c8d76485723e9bfc29a8c63ccfdfc1
  languageName: node
  linkType: hard

"@arcanis/sherlock@npm:^2.0.3":
  version: 2.0.3
  resolution: "@arcanis/sherlock@npm:2.0.3"
  dependencies:
    "@actions/core": ^1.2.6
    "@octokit/rest": ^16.28.7
    clipanion: 2.0.0-rc.16
    expect: ^24.8.0
    git-url-parse: ^11.1.2
    parse-github-url: ^1.0.2
    pkg-up: ^3.1.0
    remark: ^11.0.1
    tmp: ^0.1.0
    unist-util-visit: ^2.0.0
    yup: ^0.27.0
  dependenciesMeta:
    core-js:
      built: false
  bin:
    sherlock: lib/boot.js
  checksum: 286d94b96dfabd945506c140223a09b3c11455ed98aaefbdb5888d2231fa1b5a83bed91ed97d5816b02af88d51e215d4a6854d021341e6edb01e06bb0fdd2130
  languageName: node
  linkType: hard

"@arcanis/slice-ansi@npm:^1.1.1":
  version: 1.1.1
  resolution: "@arcanis/slice-ansi@npm:1.1.1"
  dependencies:
    grapheme-splitter: ^1.0.4
  checksum: f79b471726685624aa941384c7ea98f3a415f19772ef7c9339fd16b51d11cb2dce8bfea9da4b092fec03e7ee8859c058a85e318aa90678d8d2fa9c27a59581ce
  languageName: node
  linkType: hard

"@ardatan/aggregate-error@npm:0.0.6":
  version: 0.0.6
  resolution: "@ardatan/aggregate-error@npm:0.0.6"
  dependencies:
    tslib: ~2.0.1
  checksum: 203e254952a0f5c24043fe47817612814e447fa194bacbbebd6cea80adbfb676aed16cc3be80170bab877b99eb43fbb53b9d843bf49f664d6795faaea5021104
  languageName: node
  linkType: hard

"@babel/cli@npm:^7.10.1":
  version: 7.10.1
  resolution: "@babel/cli@npm:7.10.1"
  dependencies:
    chokidar: ^2.1.8
    commander: ^4.0.1
    convert-source-map: ^1.1.0
    fs-readdir-recursive: ^1.1.0
    glob: ^7.0.0
    lodash: ^4.17.13
    make-dir: ^2.1.0
    slash: ^2.0.0
    source-map: ^0.5.0
  peerDependencies:
    "@babel/core": ^7.0.0-0
  dependenciesMeta:
    chokidar:
      optional: true
  bin:
    babel: ./bin/babel.js
    babel-external-helpers: ./bin/babel-external-helpers.js
  checksum: a2f9d52e2f866c4c6e5c4fdb4e64820ebbc6acb2aeaeac3e4d97cee16054684f015f253a6f036a2065729a520e595da085cf476501d3bc279d50ffc0dc891641
  languageName: node
  linkType: hard
