# This file is generated by running "yarn install" inside your project.
# Manual changes might be lost - proceed with caution!

__metadata:
  version: 7
  cacheKey: 9

"@aashutoshrathi/word-wrap@npm:^1.2.3":
  version: 1.2.6
  resolution: "@aashutoshrathi/word-wrap@npm:1.2.6"
  checksum: 0c82b90350766c937f011275be5e67a428e7bc45320db2d11b329512a4c9a953cf805791ced7d3a90ee601d6cdc7961556368572082313e25fdd55441cba864e
  languageName: node
  linkType: hard

"@algolia/autocomplete-core@npm:1.9.3":
  version: 1.9.3
  resolution: "@algolia/autocomplete-core@npm:1.9.3"
  dependencies:
    "@algolia/autocomplete-plugin-algolia-insights": "npm:1.9.3"
    "@algolia/autocomplete-shared": "npm:1.9.3"
  checksum: e388155777abdb2c60d2377a06ce5341cadfa6ea3543af3795a46c3c58cafc15bcee02f640489f8c4044d14894bae8a650119290058170c48205868d329384c6
  languageName: node
  linkType: hard

"@algolia/autocomplete-plugin-algolia-insights@npm:1.9.3":
  version: 1.9.3
  resolution: "@algolia/autocomplete-plugin-algolia-insights@npm:1.9.3"
  dependencies:
    "@algolia/autocomplete-shared": "npm:1.9.3"
  peerDependencies:
    search-insights: ">= 1 < 3"
  checksum: 1fe131025c2b30f876f0689e918cad233116c72aa2ed6d6d3c2817f7adbe2a790f2d23b50cdc7c846aa188493d9e874b7e3f5af47390d92f832b09f0816bc1d5
  languageName: node
  linkType: hard

"@babel/cli@npm:^7.22.10":
  version: 7.22.10
  resolution: "@babel/cli@npm:7.22.10"
  dependencies:
    "@jridgewell/trace-mapping": "npm:^0.3.17"
    "@nicolo-ribaudo/chokidar-2": "npm:2.1.8-no-fsevents.3"
    chokidar: "npm:^3.4.0"
    commander: "npm:^4.0.1"
    convert-source-map: "npm:^1.1.0"
    fs-readdir-recursive: "npm:^1.1.0"
    glob: "npm:^7.2.0"
    make-dir: "npm:^2.1.0"
    slash: "npm:^2.0.0"
  peerDependencies:
    "@babel/core": ^7.0.0-0
  dependenciesMeta:
    "@nicolo-ribaudo/chokidar-2":
      optional: true
    chokidar:
      optional: true
  bin:
    babel: ./bin/babel.js
    babel-external-helpers: ./bin/babel-external-helpers.js
  checksum: 594752c3a53c06972e78347419c2ca370263e4a79c6c28e68084f902a66d307ca63f17f9a8a794b897ec15e630e93cabc55c994d30b489dc22024724f6d389a3
  languageName: node
  linkType: hard

"@graphql-tools/utils@npm:^7.0.0, @graphql-tools/utils@npm:^7.1.2, @graphql-tools/utils@npm:^7.5.0, @graphql-tools/utils@npm:^7.7.0, @graphql-tools/utils@npm:^7.7.1, @graphql-tools/utils@npm:^7.8.1, @graphql-tools/utils@npm:^7.9.0":
  version: 7.10.0
  resolution: "@graphql-tools/utils@npm:7.10.0"
  dependencies:
    "@ardatan/aggregate-error": "npm:0.0.6"
    camel-case: "npm:4.1.2"
    tslib: "npm:~2.2.0"
  peerDependencies:
    graphql: ^14.0.0 || ^15.0.0
  checksum: c80b4866d0a6e045fc151e35bbd707e15a590cec1c500b9a98a0168eb1ab39aefa7d2c8e753b156d3913d955acf509a73ebf45c4820595125070de43f6ed2be0
  languageName: node
  linkType: hard

"@graphql-tools/utils@npm:^9.2.1":
  version: 9.2.1
  resolution: "@graphql-tools/utils@npm:9.2.1"
  dependencies:
    "@graphql-typed-document-node/core": "npm:^3.1.1"
    tslib: "npm:^2.4.0"
  peerDependencies:
    graphql: ^14.0.0 || ^15.0.0 || ^16.0.0 || ^17.0.0
  checksum: 63d7c5533d914a1181a61b47ddf496926fd67db9eb8594a1941938191b69983df5822c1ebc02482ab8b901c111e400e6bb5e20d4777069eacf2d15e4928b09e2
  languageName: node
  linkType: hard

"@graphql-tools/wrap@npm:^7.0.4":
  version: 7.0.8
  resolution: "@graphql-tools/wrap@npm:7.0.8"
  dependencies:
    "@graphql-tools/delegate": "npm:^7.1.5"
    "@graphql-tools/schema": "npm:^7.1.5"
    "@graphql-tools/utils": "npm:^7.8.1"
    tslib: "npm:~2.2.0"
    value-or-promise: "npm:1.0.6"
  peerDependencies:
    graphql: ^14.0.0 || ^15.0.0
  checksum: 17ddae5a981eac116950d77018edbda1461d0d51a012f107cc1b38151e693e23017c7bad2e175b694931930467252bf769e0c9f09fe0ad8c3ab34bdd85aab0de
  languageName: node
  linkType: hard

"graphile-build-pg@workspace:*, graphile-build-pg@workspace:^, graphile-build-pg@workspace:graphile-build/graphile-build-pg":
  version: 0.0.0-use.local
  resolution: "graphile-build-pg@workspace:graphile-build/graphile-build-pg"
  dependencies:
    "@envelop/core": "npm:^5.0.0"
    "@envelop/parser-cache": "npm:^7.0.0"
    "@envelop/validation-cache": "npm:^7.0.0"
    "@types/debug": "npm:^4.1.8"
    "@types/express": "npm:^4.17.17"
    "@types/jest": "npm:^29.5.4"
    "@types/jsonwebtoken": "npm:^9.0.2"
    "@types/node": "npm:^20.5.7"
    chalk: "npm:^4.1.2"
    debug: "npm:^4.3.4"
    express: "npm:^4.19.2"
    express-graphql: "npm:^0.12.0"
    fastify: "npm:^4.22.1"
    fastify-static: "npm:^4.7.0"
    graphile-config: "workspace:^"
    graphile-export: "workspace:^"
    graphql: "npm:16.1.0-experimental-stream-defer.6"
    graphql-helix: "npm:^1.13.0"
    graphql-ws: "npm:^5.14.0"
    jest: "npm:^29.6.4"
    jsonwebtoken: "npm:^9.0.2"
    pg: "npm:^8.11.3"
    pg-introspection: "workspace:^"
    ruru: "workspace:^"
    ts-node: "npm:^10.9.1"
    tslib: "npm:^2.6.2"
    typescript: "npm:^5.2.2"
    ws: "npm:^8.13.0"
  peerDependencies:
    "@dataplan/pg": "workspace:^"
    grafast: "workspace:^"
    graphile-build: "workspace:*"
    graphile-config: "workspace:^"
    graphql: ^16.1.0-experimental-stream-defer.6
    pg: ^8.7.1
    pg-sql2: "workspace:^"
    tamedevil: "workspace:^"
  peerDependenciesMeta:
    pg:
      optional: true
  languageName: unknown
  linkType: soft

"graphile-build@workspace:*, graphile-build@workspace:^, graphile-build@workspace:graphile-build/graphile-build":
  version: 0.0.0-use.local
  resolution: "graphile-build@workspace:graphile-build/graphile-build"
  dependencies:
    "@types/debug": "npm:^4.1.8"
    "@types/jest": "npm:^29.5.4"
    "@types/node": "npm:^20.5.7"
    "@types/pluralize": "npm:^0.0.30"
    "@types/semver": "npm:^7.5.1"
    chalk: "npm:^4.1.2"
    debug: "npm:^4.3.4"
    graphile-config: "workspace:^"
    graphile-export: "workspace:^"
    graphql: "npm:16.1.0-experimental-stream-defer.6"
    jest: "npm:^29.6.4"
    lodash: "npm:^4.17.21"
    pluralize: "npm:^7.0.0"
    semver: "npm:^7.5.4"
    tamedevil: "workspace:^"
    ts-node: "npm:^10.9.1"
    tslib: "npm:^2.6.2"
    typescript: "npm:^5.2.2"
  peerDependencies:
    grafast: "workspace:^"
    graphile-config: "workspace:^"
    graphql: ^16.1.0-experimental-stream-defer.6
  languageName: unknown
  linkType: soft

"graphile-export@workspace:*, graphile-export@workspace:^, graphile-export@workspace:utils/graphile-export":
  version: 0.0.0-use.local
  resolution: "graphile-export@workspace:utils/graphile-export"
  dependencies:
    "@babel/generator": "npm:^7.22.10"
    "@babel/parser": "npm:^7.22.14"
    "@babel/template": "npm:^7.22.5"
    "@babel/traverse": "npm:^7.23.2"
    "@babel/types": "npm:^7.22.11"
    "@types/babel__generator": "npm:^7.6.4"
    "@types/babel__template": "npm:^7.4.1"
    "@types/jest": "npm:^29.5.4"
    "@types/node": "npm:^20.5.7"
    "@types/prettier": "npm:^3.0.0"
    jest: "npm:^29.6.4"
    prettier: "npm:^3.0.3"
    ts-node: "npm:^10.9.1"
    tslib: "npm:^2.6.2"
    typescript: "npm:^5.2.2"
  peerDependencies:
    eslint: ^8.48.0
    grafast: "workspace:^"
    pg-sql2: "workspace:^5.0.0-beta.6"
  peerDependenciesMeta:
    eslint:
      optional: true
    pg-sql2:
      optional: true
  languageName: unknown
  linkType: soft

"graphile-utils@workspace:^, graphile-utils@workspace:graphile-build/graphile-utils":
  version: 0.0.0-use.local
  resolution: "graphile-utils@workspace:graphile-build/graphile-utils"
  dependencies:
    debug: "npm:^4.3.4"
    graphile-build: "workspace:^"
    graphile-build-pg: "workspace:^"
    jest: "npm:^29.6.4"
    jest-serializer-graphql-schema: "workspace:^"
    json5: "npm:^2.2.3"
    nodemon: "npm:^3.0.1"
    postgraphile: "workspace:^"
    ts-node: "npm:^10.9.1"
    tslib: "npm:^2.6.2"
    typescript: "npm:^5.2.2"
  peerDependencies:
    "@dataplan/pg": "workspace:^"
    grafast: "workspace:^"
    graphile-build: "workspace:^"
    graphile-build-pg: "workspace:^"
    graphile-config: "workspace:^"
    graphql: ^16.1.0-experimental-stream-defer.6
    tamedevil: "workspace:^"
  peerDependenciesMeta:
    "@dataplan/pg":
      optional: true
    graphile-build-pg:
      optional: true
  languageName: unknown
  linkType: soft

"graphile@workspace:^, graphile@workspace:utils/graphile":
  version: 0.0.0-use.local
  resolution: "graphile@workspace:utils/graphile"
  dependencies:
    "@types/jest": "npm:^29.5.4"
    "@types/node": "npm:^20.5.7"
    "@typescript/vfs": "npm:^1.5.0"
    chalk: "npm:^4.1.2"
    graphile-config: "workspace:^"
    jest: "npm:^29.6.4"
    ts-node: "npm:^10.9.1"
    tslib: "npm:^2.6.2"
    typescript: "npm:^5.2.2"
  peerDependencies:
    graphile-build: "workspace:^"
    graphile-config: "workspace:^"
    postgraphile: "workspace:^"
  peerDependenciesMeta:
    graphile-build:
      optional: true
    postgraphile:
      optional: true
  bin:
    graphile: dist/cli-run.js
  languageName: unknown
  linkType: soft

"jest-haste-map@npm:^29.6.4":
  version: 29.6.4
  resolution: "jest-haste-map@npm:29.6.4"
  dependencies:
    "@jest/types": "npm:^29.6.3"
    "@types/graceful-fs": "npm:^4.1.3"
    "@types/node": "npm:*"
    anymatch: "npm:^3.0.3"
    fb-watchman: "npm:^2.0.0"
    fsevents: "npm:^2.3.2"
    graceful-fs: "npm:^4.2.9"
    jest-regex-util: "npm:^29.6.3"
    jest-util: "npm:^29.6.3"
    jest-worker: "npm:^29.6.4"
    micromatch: "npm:^4.0.4"
    walker: "npm:^1.0.8"
  dependenciesMeta:
    fsevents:
      optional: true
  checksum: 95c2bac9be4f72ead41610ae64c24dfdae6cedfaa38e492d4a2576208b7b71ea368495e07a0037ee440be7ad38e8592cf4eba5b072c68071723cafd60cab9e2b
  languageName: node
  linkType: hard

"ruru-components@workspace:^, ruru-components@workspace:grafast/ruru-components":
  version: 0.0.0-use.local
  resolution: "ruru-components@workspace:grafast/ruru-components"
  dependencies:
    "@graphiql/plugin-explorer": "npm:^1.0.3-canary-64994e0e.0"
    "@graphiql/react": "npm:^0.20.3-canary-64994e0e.0"
    "@graphiql/toolkit": "npm:^0.9.1"
    "@types/codemirror": "npm:^5.60.9"
    "@types/debug": "npm:^4.1.8"
    "@types/jest": "npm:^29.5.4"
    "@types/node": "npm:^20.5.7"
    "@types/nodemon": "npm:1.19.2"
    "@types/react": "npm:^18.2.21"
    "@types/react-dom": "npm:^18.2.7"
    grafast: "workspace:^"
    graphiql: "npm:^3.1.1-canary-64994e0e.0"
    graphql: "npm:16.1.0-experimental-stream-defer.6"
    graphql-ws: "npm:^5.14.0"
    jest: "npm:^29.6.4"
    nodemon: "npm:^3.0.1"
    react: "npm:^18.2.0"
    react-dom: "npm:^18.2.0"
    tslib: "npm:^2.6.2"
    typescript: "npm:^5.2.2"
  peerDependencies:
    graphql: ^16.1.0-experimental-stream-defer.6
    tamedevil: "workspace:^"
  peerDependenciesMeta:
    tamedevil:
      optional: true
  languageName: unknown
  linkType: soft

"typescript@npm:^5.2.2":
  version: 5.2.2
  resolution: "typescript@npm:5.2.2"
  bin:
    tsc: bin/tsc
    tsserver: bin/tsserver
  checksum: 8c5dfc6149a0d5fbad8d55fd9f5cefaf567b6dda42bce8eef7e5f27e6b11d0fc15f4aa4cad3b38394a34f3e9db8b719f5083ab114ddc649e1bc3318327ffa8ca
  languageName: node
  linkType: hard

"typescript@patch:typescript@npm%3A^5.2.2#optional!builtin<compat/typescript>":
  version: 5.2.2
  resolution: "typescript@patch:typescript@npm%3A5.2.2#optional!builtin<compat/typescript>::version=5.2.2&hash=ad5954"
  bin:
    tsc: bin/tsc
    tsserver: bin/tsserver
  checksum: b52454ea2b8ba479dd655c4e55ae57c1cec4af21c83c3aa9ab280879a53f3ef4314587b0cfe5e6dd0a082aca4409fef70d0763e762cd0a3e8b38ef70d1dbad67
  languageName: node
  linkType: hard

"use-sidecar@npm:^1.1.2":
  version: 1.1.2
  resolution: "use-sidecar@npm:1.1.2"
  dependencies:
    detect-node-es: "npm:^1.1.0"
    tslib: "npm:^2.0.0"
  peerDependencies:
    "@types/react": ^16.9.0 || ^17.0.0 || ^18.0.0
    react: ^16.8.0 || ^17.0.0 || ^18.0.0
  peerDependenciesMeta:
    "@types/react":
      optional: true
  checksum: a1990ab1207b2bd98fd35386b8a4ee58081f77c297226ef1e2d5f3cd42dea2234245730e5f7125a62665bdd7c30926df3682adfd935f0f6fc2c2a4c2ddb41a4d
  languageName: node
  linkType: hard

"zx@npm:^7.2.3":
  version: 7.2.3
  resolution: "zx@npm:7.2.3"
  dependencies:
    "@types/fs-extra": "npm:^11.0.1"
    "@types/minimist": "npm:^1.2.2"
    "@types/node": "npm:^18.16.3"
    "@types/ps-tree": "npm:^1.1.2"
    "@types/which": "npm:^3.0.0"
    chalk: "npm:^5.2.0"
    fs-extra: "npm:^11.1.1"
    fx: "npm:*"
    globby: "npm:^13.1.4"
    minimist: "npm:^1.2.8"
    node-fetch: "npm:3.3.1"
    ps-tree: "npm:^1.2.0"
    webpod: "npm:^0"
    which: "npm:^3.0.0"
    yaml: "npm:^2.2.2"
  bin:
    zx: build/cli.js
  checksum: 0f2dd07de38021055b036b99dd3ccd0d236c7e4fe57012f3118e4a3045762bcfd20d388b86104a9cac54c29858abf44ce0b8421ac3c2fbfac3584caa0d82efc6
  languageName: node
  linkType: hard
