# THIS IS AN AUTOGENERATED FILE. DO NOT EDIT THIS FILE DIRECTLY.
# yarn lockfile v1


"@babel/runtime@^7.1.2":
  version "7.2.0"
  resolved "https://registry.yarnpkg.com/@babel/runtime/-/runtime-7.2.0.tgz#b03e42eeddf5898e00646e4c840fa07ba8dcad7f"
  dependencies:
    regenerator-runtime "^0.12.0"

"@ballerina/api-designer@^0.99.0-RC3":
  version "0.99.0-RC3"
  resolved "https://registry.yarnpkg.com/@ballerina/api-designer/-/api-designer-0.99.0-RC3.tgz#ef2a9a81173f76bbdf87b23fe369896271f5b5e6"
  dependencies:
    "@types/swagger-parser" "^4.0.2"
    js-yaml "^3.12.0"
    react-markdown "^4.0.4"
    semantic-ui-css "^2.4.1"
    semantic-ui-react "^0.83.0"
    swagger-parser "^5.0.5"
    swagger-schema-official "^2.0.0-bab6bed"

"@ballerina/ast-model@^0.99.0-RC3":
  version "0.99.0-RC3"
  resolved "https://registry.yarnpkg.com/@ballerina/ast-model/-/ast-model-0.99.0-RC3.tgz#07d8a25b809668dd687d74acd58b0071b7849aa8"
  dependencies:
    "@ballerina/lang-service" "^0.99.0-RC3"
    glob "^7.1.3"
    lodash "^4.17.11"
    prettier "^1.5.2"
    prettier-tslint "^0.4.0"
    vscode-uri "^1.0.6"

"@ballerina/ballerina-by-examples@^0.99.0-RC3":
  version "0.99.0-RC3"
  resolved "https://registry.yarnpkg.com/@ballerina/ballerina-by-examples/-/ballerina-by-examples-0.99.0-RC3.tgz#470c7ae2f24cfebd267fd109be5a4395135b20aa"
  dependencies:
    lodash "^4.17.11"

"@ballerina/diagram@^0.99.0-RC3":
  version "0.99.0-RC3"
  resolved "https://registry.yarnpkg.com/@ballerina/diagram/-/diagram-0.99.0-RC3.tgz#fb7953f1ce520d9b2f1d568bb4d88172bb5b4fec"
  dependencies:
    "@ballerina/ast-model" "^0.99.0-RC3"
    "@ballerina/font" "^0.99.0-RC3"
    "@ballerina/lang-service" "^0.99.0-RC3"
    "@ballerina/theme" "^0.99.0-RC3"
    lodash "^4.17.11"
    lodash.debounce "^4.0.8"
    log4javascript "^1.4.15"

"@ballerina/distribution@^0.99.0-RC3":
  version "0.99.0-RC3"
  resolved "https://registry.yarnpkg.com/@ballerina/distribution/-/distribution-0.99.0-RC3.tgz#b0d37b143a46ef8bc25111fa5ca052fac83e87bf"
  dependencies:
    "@ballerina/api-designer" "^0.99.0-RC3"
    "@ballerina/ballerina-by-examples" "^0.99.0-RC3"
    "@ballerina/diagram" "^0.99.0-RC3"
    "@ballerina/documentation" "^0.99.0-RC3"
    "@ballerina/theme" "^0.99.0-RC3"
    "@ballerina/tracing" "^0.99.0-RC3"

"@ballerina/documentation@^0.99.0-RC3":
  version "0.99.0-RC3"
  resolved "https://registry.yarnpkg.com/@ballerina/documentation/-/documentation-0.99.0-RC3.tgz#6041e6f9e76111c309801ebee2a3775387627f58"
  dependencies:
    "@ballerina/ast-model" "^0.99.0-RC3"
    diff "^3.5.0"
    escape-html "^1.0.3"
    react-markdown "^4.0.0"

"@ballerina/font@^0.99.0-RC3":
  version "0.99.0-RC3"
  resolved "https://registry.yarnpkg.com/@ballerina/font/-/font-0.99.0-RC3.tgz#89721bfc045655addb34acd2ac49f0f5895d2292"

zip-dir@^1.0.2:
  version "1.0.2"
  resolved "https://registry.yarnpkg.com/zip-dir/-/zip-dir-1.0.2.tgz#253f907aead62a21acd8721d8b88032b2411c051"
  dependencies:
    async "^1.5.2"
    jszip "^2.4.0"
