lockfileVersion: 5.4

importers:

  .:
    specifiers:
      esbuild: ^0.13.14
      glslx: ^0.2.13
      next: ^12.2.4
      nextra: 2.0.0-alpha.50
      nextra-theme-docs: 2.0.0-alpha.53
      phenomenon: ^1.6.0
      react: ^18.2.0
      react-dom: ^18.2.0
      typescript: ^4.5.4
    dependencies:
      phenomenon: 1.6.0
    devDependencies:
      esbuild: 0.13.15
      glslx: 0.2.13
      next: 12.2.4_biqbaboplfbrettd7655fr4n2y
      nextra: 2.0.0-alpha.50_react@18.2.0
      nextra-theme-docs: 2.0.0-alpha.53_vyccxgqxcnj5vudpssiumaxlme
      react: 18.2.0
      react-dom: 18.2.0_react@18.2.0
      typescript: 4.6.3

  website:
    specifiers:
      cobe: workspace:*
      leva: ^0.9.34
      next: ^12.1.6-canary.6
      nextra: 2.0.0-alpha.56
      nextra-theme-docs: 2.0.0-alpha.59
      react: ^18.0.0
      react-dom: ^18.0.0
      react-spring: ^9.4.4
    dependencies:
      cobe: link:..
      leva: 0.9.34_biqbaboplfbrettd7655fr4n2y
      next: 12.2.4_biqbaboplfbrettd7655fr4n2y
      nextra: 2.0.0-alpha.56_react@18.2.0
      nextra-theme-docs: 2.0.0-alpha.59_vyccxgqxcnj5vudpssiumaxlme
      react: 18.2.0
      react-dom: 18.2.0_react@18.2.0
      react-spring: 9.5.5_biqbaboplfbrettd7655fr4n2y

packages:

  /@babel/runtime/7.18.9:
    resolution: {integrity: sha512-lkqXDcvlFT5rvEjiu6+QYO+1GXrEHRo2LOtS7E4GtX5ESIZOgepqsZBVIj6Pv+a6zqsya9VCgiK1KAK4BvJDAw==}
    engines: {node: '>=6.9.0'}
    dependencies:
      regenerator-runtime: 0.13.9

  /@headlessui/react/1.6.6_biqbaboplfbrettd7655fr4n2y:
    resolution: {integrity: sha512-MFJtmj9Xh/hhBMhLccGbBoSk+sk61BlP6sJe4uQcVMtXZhCgGqd2GyIQzzmsdPdTEWGSF434CBi8mnhR6um46Q==}
    engines: {node: '>=10'}
    peerDependencies:
      react: ^16 || ^17 || ^18
      react-dom: ^16 || ^17 || ^18
    dependencies:
      react: 18.2.0
      react-dom: 18.2.0_react@18.2.0

  /@mdx-js/mdx/2.1.2:
    resolution: {integrity: sha512-ASN1GUH0gXsgJ2UD/Td7FzJo1SwFkkQ5V1i9at5o/ROra7brkyMcBsotsOWJWRzmXZaLw2uXWn4aN8B3PMNFMA==}
    dependencies:
      '@types/estree-jsx': 0.0.1
      '@types/mdx': 2.0.2
      astring: 1.8.3
      estree-util-build-jsx: 2.2.0
      estree-util-is-identifier-name: 2.0.1
      estree-walker: 3.0.1
      hast-util-to-estree: 2.1.0
      markdown-extensions: 1.1.1
      periscopic: 3.0.4
      remark-mdx: 2.1.2
      remark-parse: 10.0.1
      remark-rehype: 10.1.0
      unified: 10.1.2
      unist-util-position-from-estree: 1.1.1
      unist-util-stringify-position: 3.0.2
      unist-util-visit: 4.1.0
      vfile: 5.3.4
    transitivePeerDependencies:
      - supports-color

  /@mdx-js/react/2.1.2_react@18.2.0:
    resolution: {integrity: sha512-52e3DTJBrjsw3U51ZCdZ3N1IBaqnbzLIngCSXpKtiYiGr7PIqp3/P/+kym0MPTwBL/y9ZBmCieD8FyrXuEDrRw==}
    peerDependencies:
      react: '>=16'
    dependencies:
      '@types/mdx': 2.0.2
      '@types/react': 18.0.17
      react: 18.2.0

  /@napi-rs/simple-git-android-arm-eabi/0.1.8:
    resolution: {integrity: sha512-JJCejHBB1G6O8nxjQLT4quWCcvLpC3oRdJJ9G3MFYSCoYS8i1bWCWeU+K7Br+xT+D6s1t9q8kNJAwJv9Ygpi0g==}
    engines: {node: '>= 10'}
    cpu: [arm]
    os: [android]
    requiresBuild: true
    optional: true

  /@napi-rs/simple-git-android-arm64/0.1.8:
    resolution: {integrity: sha512-mraHzwWBw3tdRetNOS5KnFSjvdAbNBnjFLA8I4PwTCPJj3Q4txrigcPp2d59cJ0TC51xpnPXnZjYdNwwSI9g6g==}
    engines: {node: '>= 10'}
    cpu: [arm64]
    os: [android]
    requiresBuild: true
    optional: true

  /@napi-rs/simple-git-darwin-arm64/0.1.8:
    resolution: {integrity: sha512-ufy/36eI/j4UskEuvqSH7uXtp3oXeLDmjQCfKJz3u5Vx98KmOMKrqAm2H81AB2WOtCo5mqS6PbBeUXR8BJX8lQ==}
    engines: {node: '>= 10'}
    cpu: [arm64]
    os: [darwin]
    requiresBuild: true
    optional: true

  /@napi-rs/simple-git-darwin-x64/0.1.8:
    resolution: {integrity: sha512-Vb21U+v3tPJNl+8JtIHHT8HGe6WZ8o1Tq3f6p+Jx9Cz71zEbcIiB9FCEMY1knS/jwQEOuhhlI9Qk7d4HY+rprA==}
    engines: {node: '>= 10'}
    cpu: [x64]
    os: [darwin]
    requiresBuild: true
    optional: true

  /nextra/2.0.0-alpha.56_react@18.2.0:
    resolution: {integrity: sha512-U6vFoUj4Oc+Px9WyNOUJWdta6j8B+dKtjbWvE1jCoz9wdAARtWxIZknIEMK62yt94zZeUjJg5KCzj1HBZc6UpQ==}
    peerDependencies:
      react: '>=16.13.1'
    dependencies:
      '@mdx-js/mdx': 2.1.2
      '@napi-rs/simple-git': 0.1.8
      github-slugger: 1.4.0
      graceful-fs: 4.2.10
      gray-matter: 4.0.3
      p-limit: 4.0.0
      react: 18.2.0
      rehype-pretty-code: 0.1.0_shiki@0.10.1
      remark-gfm: 3.0.1
      shiki: 0.10.1
      slash: 3.0.0
    transitivePeerDependencies:
      - supports-color
    dev: false

  /react-is/16.13.1:
    resolution: {integrity: sha512-24e6ynE2H+OKt4kqsOvNd8kBpV65zoxbA4BVsEOB3ARVWQki/DHzaUoC5KuON/BiccDaCCTZBuOcfZs70kR8bQ==}
    dev: false

  /react-spring/9.5.5_biqbaboplfbrettd7655fr4n2y:
    resolution: {integrity: sha512-vMGVd2yjgxWcRCzoLn9AD1d24+WpunHBRg5DoehcRdiBocaOH6qgle0xN9C5LPplXfv4yIpS5QWGN5MKrWxSZg==}
    peerDependencies:
      react: ^16.8.0 || ^17.0.0 || ^18.0.0
      react-dom: ^16.8.0 || ^17.0.0 || ^18.0.0
    dependencies:
      '@react-spring/core': 9.5.5_react@18.2.0
      '@react-spring/konva': 9.5.5_react@18.2.0
      '@react-spring/native': 9.5.5_react@18.2.0
      '@react-spring/three': 9.5.5_react@18.2.0
      '@react-spring/web': 9.5.5_biqbaboplfbrettd7655fr4n2y
      '@react-spring/zdog': 9.5.5_biqbaboplfbrettd7655fr4n2y
      react: 18.2.0
      react-dom: 18.2.0_react@18.2.0
    transitivePeerDependencies:
      - '@react-three/fiber'
      - konva
      - react-konva
      - react-native
      - react-zdog
      - three
      - zdog
    dev: false

  /remark-gfm/3.0.1:
    resolution: {integrity: sha512-lEFDoi2PICJyNrACFOfDD3JlLkuSbOa5Wd8EPt06HUdptv8Gn0bxYTdbU/XXQ3swAPkEaGxxPN9cbnMHvVu1Ig==}
    dependencies:
      '@types/mdast': 3.0.10
      mdast-util-gfm: 2.0.1
      micromark-extension-gfm: 2.0.1
      unified: 10.1.2
    transitivePeerDependencies:
      - supports-color

  /styled-jsx/5.0.2_react@18.2.0:
    resolution: {integrity: sha512-LqPQrbBh3egD57NBcHET4qcgshPks+yblyhPlH2GY8oaDgKs8SK4C3dBh3oSJjgzJ3G5t1SYEZGHkP+QEpX9EQ==}
    engines: {node: '>= 12.0.0'}
    peerDependencies:
      '@babel/core': '*'
      babel-plugin-macros: '*'
      react: '>= 16.8.0 || 17.x.x || ^18.0.0-0'
    peerDependenciesMeta:
      '@babel/core':
        optional: true
      babel-plugin-macros:
        optional: true
    dependencies:
      react: 18.2.0


  /zustand/3.7.2_react@18.2.0:
    resolution: {integrity: sha512-PIJDIZKtokhof+9+60cpockVOq05sJzHCriyvaLBmEJixseQ1a5Kdov6fWZfWOu5SK9c+FhH1jU0tntLxRJYMA==}
    engines: {node: '>=12.7.0'}
    peerDependencies:
      react: '>=16.8'
    peerDependenciesMeta:
      react:
        optional: true
    dependencies:
      react: 18.2.0
    dev: false

  /zwitch/2.0.2:
    resolution: {integrity: sha512-JZxotl7SxAJH0j7dN4pxsTV6ZLXoLdGME+PsjkL/DaBrVryK9kTGq06GfKrwcSOqypP+fdXGoCHE36b99fWVoA==}
