# Generated by pub
# See https://dart.dev/tools/pub/glossary#lockfile
packages:
  async:
    dependency: transitive
    description:
      name: async
      url: "https://pub.dartlang.org"
    source: hosted
    version: "2.6.1"
  cupertino_icons:
    dependency: "direct main"
    description:
      name: cupertino_icons
      url: "https://pub.dartlang.org"
    source: hosted
    version: "1.0.3"
  equatable:
    dependency: transitive
    description:
      name: equatable
      url: "https://pub.dartlang.org"
    source: hosted
    version: "2.0.3"
  fake_async:
    dependency: transitive
    description:
      name: fake_async
      url: "https://pub.dartlang.org"
    source: hosted
    version: "1.2.0"
  firebase_auth:
    dependency: "direct main"
    description:
      name: firebase_auth
      url: "https://pub.dartlang.org"
    source: hosted
    version: "2.0.0"
sdks:
  dart: ">=2.12.0 <3.0.0"
  flutter: ">=1.24.0-7.0"
