{
  "name": "SaaS_IHRM_Vue",
  "version": "1.0.0",
  "lockfileVersion": 1,
  "requires": true,
  "dependencies": {
    "abbrev": {
      "version": "https://registry.npmjs.org/abbrev/-/abbrev-1.1.0.tgz",
      "integrity": "sha1-0FVMIlZjbi9W58LlrRg/hZQo2B8=",
      "dev": true
    },
    "ansi-regex": {
      "version": "https://registry.npmjs.org/ansi-regex/-/ansi-regex-2.1.1.tgz",
      "integrity": "sha1-w7M6te42DYbg5ijwRorn7yfWVN8="
    },
    "ansi-styles": {
      "version": "https://registry.npmjs.org/ansi-styles/-/ansi-styles-2.2.1.tgz",
      "integrity": "sha1-tDLdM1i2NM914eRmQ2gkBTPB3b4="
    },
    "num2fraction": {
      "version": "http://registry.npm.taobao.org/num2fraction/download/num2fraction-1.2.2.tgz",
      "bundled": true
    },
    "postcss": {
      "version": "http://registry.npm.taobao.org/postcss/download/postcss-6.0.21.tgz",
      "bundled": true
    },
    "postcss-value-parser": {
      "version": "http://registry.npm.taobao.org/postcss-value-parser/download/postcss-value-parser-3.3.0.tgz",
      "bundled": true
    }
  }
}
