# THIS IS AN AUTOGENERATED FILE. DO NOT EDIT THIS FILE DIRECTLY.
# yarn lockfile v1


abbrev@1:
  version "1.0.9"
  resolved "https://registry.yarnpkg.com/abbrev/-/abbrev-1.0.9.tgz#91b4792588a7738c25f35dd6f63752a2f8776135"

ansi-align@^1.1.0:
  version "1.1.0"
  resolved "https://registry.yarnpkg.com/ansi-align/-/ansi-align-1.1.0.tgz#2f0c1658829739add5ebb15e6b0c6e3423f016ba"
  dependencies:
    string-width "^1.0.1"

are-we-there-yet@~1.1.2:
  version "1.1.2"
  resolved "https://registry.yarnpkg.com/are-we-there-yet/-/are-we-there-yet-1.1.2.tgz#80e470e95a084794fe1899262c5667c6e88de1b3"
  dependencies:
    delegates "^1.0.0"
    readable-stream "^2.0.0 || ^1.1.13"

arr-diff@^2.0.0:
  version "2.0.0"
  resolved "https://registry.yarnpkg.com/arr-diff/-/arr-diff-2.0.0.tgz#8f3b827f955a8bd669697e4a4256ac3ceae356cf"
  dependencies:
    arr-flatten "^1.0.1"

babel-helper-function-name@^6.18.0, babel-helper-function-name@^6.8.0:
  version "6.18.0"
  resolved "https://registry.yarnpkg.com/babel-helper-function-name/-/babel-helper-function-name-6.18.0.tgz#68ec71aeba1f3e28b2a6f0730190b754a9bf30e6"
  dependencies:
    babel-helper-get-function-arity "^6.18.0"
    babel-traverse "^6.18.0"
    babel-types "^6.18.0"

rimraf@2, rimraf@~2.5.1, rimraf@~2.5.4:
  version "2.5.4"
  resolved "https://registry.yarnpkg.com/rimraf/-/rimraf-2.5.4.tgz#96800093cbf1a0c86bd95b4625467535c29dfa04"
  dependencies:
    glob "^7.0.5"

semver-diff@^2.0.0:
  version "2.1.0"
  resolved "https://registry.yarnpkg.com/semver-diff/-/semver-diff-2.1.0.tgz#4bbb8437c8d37e4b0cf1a68fd726ec6d645d6d36"
  dependencies:
    semver "^5.0.3"

"semver@2 || 3 || 4 || 5", semver@^5.0.3, semver@^5.1.0, semver@^5.3.0, semver@~5.3.0:
  version "5.3.0"
  resolved "https://registry.yarnpkg.com/semver/-/semver-5.3.0.tgz#9b2ce5d3de02d17c6012ad326aa6b4d0cf54f94f"
