# THIS IS AN AUTOGENERATED FILE. DO NOT EDIT THIS FILE DIRECTLY.
# yarn lockfile v1


abbrev@1:
  version "1.0.9"
  resolved "https://registry.yarnpkg.com/abbrev/-/abbrev-1.0.9.tgz#91b4792588a7738c25f35dd6f63752a2f8776135"

ansi-align@^1.1.0:
  version "1.1.0"
  resolved "https://registry.yarnpkg.com/ansi-align/-/ansi-align-1.1.0.tgz#2f0c1658829739add5ebb15e6b0c6e3423f016ba"
  dependencies:
    string-width "^1.0.1"

are-we-there-yet@~1.1.2:
  version "1.1.2"
  resolved "https://registry.yarnpkg.com/are-we-there-yet/-/are-we-there-yet-1.1.2.tgz#80e470e95a084794fe1899262c5667c6e88de1b3"
  dependencies:
    delegates "^1.0.0"
    readable-stream "^2.0.0 || ^1.1.13"

arr-diff@^2.0.0:
  version "2.0.0"
  resolved "https://registry.yarnpkg.com/arr-diff/-/arr-diff-2.0.0.tgz#8f3b827f955a8bd669697e4a4256ac3ceae356cf"
  dependencies:
    arr-flatten "^1.0.1"

arr-exclude@^1.0.0:
  version "1.0.0"
  resolved "https://registry.yarnpkg.com/arr-exclude/-/arr-exclude-1.0.0.tgz#dfc7c2e552a270723ccda04cf3128c8cbfe5c631"

arr-flatten@^1.0.1:
  version "1.0.1"
  resolved "https://registry.yarnpkg.com/arr-flatten/-/arr-flatten-1.0.1.tgz#e5ffe54d45e19f32f216e91eb99c8ce892bb604b"

ava-files@^0.2.0:
  version "0.2.0"
  resolved "https://registry.yarnpkg.com/ava-files/-/ava-files-0.2.0.tgz#c7b8b6e2e0cea63b57a6e27e0db145c7c19cfe20"
  dependencies:
    auto-bind "^0.1.0"
    bluebird "^3.4.1"

aws-sign2@~0.6.0:
  version "0.6.0"
  resolved "https://registry.yarnpkg.com/aws-sign2/-/aws-sign2-0.6.0.tgz#14342dd38dbcc94d0e5b87d763cd63612c0e794f"

aws4@^1.2.1:
  version "1.5.0"
  resolved "https://registry.yarnpkg.com/aws4/-/aws4-1.5.0.tgz#0a29ffb79c31c9e712eeb087e8e7a64b4a56d755"

babel-code-frame@^6.16.0, babel-code-frame@^6.20.0:
  version "6.20.0"
  resolved "https://registry.yarnpkg.com/babel-code-frame/-/babel-code-frame-6.20.0.tgz#b968f839090f9a8bc6d41938fb96cb84f7387b26"
  dependencies:
    chalk "^1.1.0"
    esutils "^2.0.2"
    js-tokens "^2.0.0"

babel-core@^6.17.0, babel-core@^6.18.0:
  version "6.21.0"
  resolved "https://registry.yarnpkg.com/babel-core/-/babel-core-6.21.0.tgz#75525480c21c803f826ef3867d22c19f080a3724"
  dependencies:
    babel-code-frame "^6.20.0"

babel-generator@^6.1.0, babel-generator@^6.21.0:
  version "6.21.0"
  resolved "https://registry.yarnpkg.com/babel-generator/-/babel-generator-6.21.0.tgz#605f1269c489a1c75deeca7ea16d43d4656c8494"
  dependencies:
    babel-messages "^6.8.0"

babel-helper-define-map@^6.18.0, babel-helper-define-map@^6.8.0:
  version "6.18.0"
  resolved "https://registry.yarnpkg.com/babel-helper-define-map/-/babel-helper-define-map-6.18.0.tgz#8d6c85dc7fbb4c19be3de40474d18e97c3676ec2"
  dependencies:
    babel-helper-function-name "^6.18.0"
    babel-runtime "^6.9.0"
    babel-types "^6.18.0"
    lodash "^4.2.0"

babel-helper-explode-assignable-expression@^6.18.0:
  version "6.18.0"
  resolved "https://registry.yarnpkg.com/babel-helper-explode-assignable-expression/-/babel-helper-explode-assignable-expression-6.18.0.tgz#14b8e8c2d03ad735d4b20f1840b24cd1f65239fe"
  dependencies:
    babel-runtime "^6.0.0"

babel-helper-explode-class@^6.8.0:
  version "6.18.0"
  resolved "https://registry.yarnpkg.com/babel-helper-explode-class/-/babel-helper-explode-class-6.18.0.tgz#c44f76f4fa23b9c5d607cbac5d4115e7a76f62cb"
  dependencies:
    babel-helper-bindify-decorators "^6.18.0"
    babel-types "^6.18.0"

babel-helper-function-name@^6.18.0, babel-helper-function-name@^6.8.0:
  version "6.18.0"
  resolved "https://registry.yarnpkg.com/babel-helper-function-name/-/babel-helper-function-name-6.18.0.tgz#68ec71aeba1f3e28b2a6f0730190b754a9bf30e6"
  dependencies:
    babel-helper-get-function-arity "^6.18.0"
    babel-traverse "^6.18.0"
    babel-types "^6.18.0"

rimraf@2, rimraf@~2.5.1, rimraf@~2.5.4:
  version "2.5.4"
  resolved "https://registry.yarnpkg.com/rimraf/-/rimraf-2.5.4.tgz#96800093cbf1a0c86bd95b4625467535c29dfa04"
  dependencies:
    glob "^7.0.5"

semver-diff@^2.0.0:
  version "2.1.0"
  resolved "https://registry.yarnpkg.com/semver-diff/-/semver-diff-2.1.0.tgz#4bbb8437c8d37e4b0cf1a68fd726ec6d645d6d36"
  dependencies:
    semver "^5.0.3"

"semver@2 || 3 || 4 || 5", semver@^5.0.3, semver@^5.1.0, semver@^5.3.0, semver@~5.3.0:
  version "5.3.0"
  resolved "https://registry.yarnpkg.com/semver/-/semver-5.3.0.tgz#9b2ce5d3de02d17c6012ad326aa6b4d0cf54f94f"

seq@>=0.1.7:
  version "0.3.5"
  resolved "https://registry.yarnpkg.com/seq/-/seq-0.3.5.tgz#ae02af3a424793d8ccbf212d69174e0c54dffe38"
  dependencies:
    chainsaw ">=0.0.7 <0.1"
    hashish ">=0.0.2 <0.1"
