{
  "pins" : [
    {
      "identity" : "async-http-client",
      "kind" : "remoteSourceControl",
      "location" : "https://github.com/swift-server/async-http-client.git",
      "state" : {
        "revision" : "16f7e62c08c6969899ce6cc277041e868364e5cf",
        "version" : "1.19.0"
      }
    },
    {
      "identity" : "swift-atomics",
      "kind" : "remoteSourceControl",
      "location" : "https://github.com/apple/swift-atomics.git",
      "state" : {
        "revision" : "6c89474e62719ddcc1e9614989fff2f68208fe10",
        "version" : "1.1.0"
      }
    },
    {
      "identity" : "swift-nio",
      "kind" : "remoteSourceControl",
      "location" : "https://github.com/apple/swift-nio.git",
      "state" : {
        "revision" : "cf281631ff10ec6111f2761052aa81896a83a007",
        "version" : "2.58.0"
      }
    },
    {
      "identity" : "vapor",
      "kind" : "remoteSourceControl",
      "location" : "https://github.com/vapor/vapor",
      "state" : {
        "revision" : "1bb4a2ed94bec7a92f92e82896408c785d068f5c",
        "version" : "4.79.0"
      }
    },
    {
      "identity" : "vercel",
      "kind" : "remoteSourceControl",
      "location" : "https://github.com/swift-cloud/Vercel",
      "state" : {
        "revision" : "61f4815cdacf87203a861c73921549076c2a685b",
        "version" : "1.15.2"
      }
    }
  ],
  "version" : 2
}
