# THIS IS AN AUTOGENERATED FILE. DO NOT EDIT THIS FILE DIRECTLY.
# yarn lockfile v1


"@babel/code-frame@^7.0.0":
  version "7.0.0"
  resolved "https://registry.yarnpkg.com/@babel/code-frame/-/code-frame-7.0.0.tgz#06e2ab19bdb535385559aabb5ba59729482800f8"
  integrity sha512-OfC2uemaknXr87bdLUkWog7nYuliM9Ij5HUcajsVcMCpQrcLmtxRbVFTIqmcSkSeYRBFBRxs2FiUqFJDLdiebA==
  dependencies:
    "@babel/highlight" "^7.0.0"

"@babel/core@^7.1.0", "@babel/core@^7.3.4":
  version "7.3.4"
  resolved "https://registry.yarnpkg.com/@babel/core/-/core-7.3.4.tgz#921a5a13746c21e32445bf0798680e9d11a6530b"
  integrity sha512-jRsuseXBo9pN197KnDwhhaaBzyZr2oIcLHHTt2oDdQrej5Qp57dCCJafWx5ivU8/alEYDpssYqv1MUqcxwQlrA==
  dependencies:
    "@babel/code-frame" "^7.0.0"
    "@babel/generator" "^7.3.4"
    "@babel/helpers" "^7.2.0"
    "@babel/parser" "^7.3.4"
    "@babel/template" "^7.2.2"
    "@babel/traverse" "^7.3.4"
    "@babel/types" "^7.3.4"
    convert-source-map "^1.1.0"
    debug "^4.1.0"
    json5 "^2.1.0"
    lodash "^4.17.11"
    resolve "^1.3.2"
    semver "^5.4.1"
    source-map "^0.5.0"

"@babel/generator@^7.0.0", "@babel/generator@^7.3.4":
  version "7.3.4"
  resolved "https://registry.yarnpkg.com/@babel/generator/-/generator-7.3.4.tgz#9aa48c1989257877a9d971296e5b73bfe72e446e"
  integrity sha512-8EXhHRFqlVVWXPezBW5keTiQi/rJMQTg/Y9uVCEZ0CAF3PKtCCaVRnp64Ii1ujhkoDhhF1fVsImoN4yJ2uz4Wg==
  dependencies:
    "@babel/types" "^7.3.4"
    jsesc "^2.5.1"
    lodash "^4.17.11"
    source-map "^0.5.0"
    trim-right "^1.0.1"

"@babel/helper-annotate-as-pure@^7.0.0":
  version "7.0.0"
  resolved "https://registry.yarnpkg.com/@babel/helper-annotate-as-pure/-/helper-annotate-as-pure-7.0.0.tgz#323d39dd0b50e10c7c06ca7d7638e6864d8c5c32"
  integrity sha512-3UYcJUj9kvSLbLbUIfQTqzcy5VX7GRZ/CCDrnOaZorFFM01aXp1+GJwuFGV4NDDoAS+mOUyHcO6UD/RfqOks3Q==
  dependencies:
    "@babel/types" "^7.0.0"

"@babel/helper-builder-binary-assignment-operator-visitor@^7.1.0":
  version "7.1.0"
  resolved "https://registry.yarnpkg.com/@babel/helper-builder-binary-assignment-operator-visitor/-/helper-builder-binary-assignment-operator-visitor-7.1.0.tgz#6b69628dfe4087798e0c4ed98e3d4a6b2fbd2f5f"
  integrity sha512-qNSR4jrmJ8M1VMM9tibvyRAHXQs2PmaksQF7c1CGJNipfe3D8p+wgNwgso/P2A2r2mdgBWAXljNWR0QRZAMW8w==
  dependencies:
    "@babel/helper-explode-assignable-expression" "^7.1.0"
    "@babel/types" "^7.0.0"

"@babel/helper-builder-react-jsx@^7.3.0":
  version "7.3.0"
  resolved "https://registry.yarnpkg.com/@babel/helper-builder-react-jsx/-/helper-builder-react-jsx-7.3.0.tgz#a1ac95a5d2b3e88ae5e54846bf462eeb81b318a4"
  integrity sha512-MjA9KgwCuPEkQd9ncSXvSyJ5y+j2sICHyrI0M3L+6fnS4wMSNDc1ARXsbTfbb2cXHn17VisSnU/sHFTCxVxSMw==
  dependencies:
    "@babel/types" "^7.3.0"
    esutils "^2.0.0"
