# THIS IS AN AUTOGENERATED FILE. DO NOT EDIT THIS FILE DIRECTLY.
# yarn lockfile v1


"@babel/code-frame@^7.0.0":
  version "7.0.0"
  resolved "https://registry.yarnpkg.com/@babel/code-frame/-/code-frame-7.0.0.tgz#06e2ab19bdb535385559aabb5ba59729482800f8"
  integrity sha512-OfC2uemaknXr87bdLUkWog7nYuliM9Ij5HUcajsVcMCpQrcLmtxRbVFTIqmcSkSeYRBFBRxs2FiUqFJDLdiebA==
  dependencies:
    "@babel/highlight" "^7.0.0"

"@babel/core@^7.1.0", "@babel/core@^7.3.4":
  version "7.3.4"
  resolved "https://registry.yarnpkg.com/@babel/core/-/core-7.3.4.tgz#921a5a13746c21e32445bf0798680e9d11a6530b"
  integrity sha512-jRsuseXBo9pN197KnDwhhaaBzyZr2oIcLHHTt2oDdQrej5Qp57dCCJafWx5ivU8/alEYDpssYqv1MUqcxwQlrA==
  dependencies:
    "@babel/code-frame" "^7.0.0"
    "@babel/generator" "^7.3.4"
    "@babel/types" "^7.3.4"
    source-map "^0.5.0"

"@babel/helper-annotate-as-pure@^7.0.0":
  version "7.0.0"
  resolved "https://registry.yarnpkg.com/@babel/helper-annotate-as-pure/-/helper-annotate-as-pure-7.0.0.tgz#323d39dd0b50e10c7c06ca7d7638e6864d8c5c32"
  integrity sha512-3UYcJUj9kvSLbLbUIfQTqzcy5VX7GRZ/CCDrnOaZorFFM01aXp1+GJwuFGV4NDDoAS+mOUyHcO6UD/RfqOks3Q==
  dependencies:
    "@babel/types" "^7.0.0"
