{
  "pins" : [
    {
      "identity" : "mapbox-common-ios",
      "kind" : "remoteSourceControl",
      "location" : "https://github.com/mapbox/mapbox-common-ios.git",
      "state" : {
        "revision" : "9c04997ed32c5b2506eb704f9f7a16367b5dcc64",
        "version" : "24.4.0"
      }
    },
    {
      "identity" : "mapbox-core-maps-ios",
      "kind" : "remoteSourceControl",
      "location" : "https://github.com/mapbox/mapbox-core-maps-ios.git",
      "state" : {
        "revision" : "c7897628028afb2c008d50c5d5d4054768c99340",
        "version" : "11.4.0"
      }
    },
    {
      "identity" : "turf-swift",
      "kind" : "remoteSourceControl",
      "location" : "https://github.com/mapbox/turf-swift.git",
      "state" : {
        "revision" : "213050191cfcb3d5aa76e1fa90c6ff1e182a42ca",
        "version" : "2.8.0"
      }
    }
  ],
  "version" : 2
}
