{
  "name": "megak",
  "version": "1.0.0",
  "lockfileVersion": 1,
  "requires": true,
  "dependencies": {
    "": {
      "name": "megak",
      "version": "1.0.0",
      "license": "ISC",
      "devDependencies": {
        "nodemon": "^2.0.9",
        "ts-node-dev": "^1.1.8"
      }
    },
    "slp-unit-test-data": {
      "version": "git+https://github.com/simpleledger/slp-unit-test-data.git#22d9c5c95c3f1e1fb75958a82a211f4e99dcb9f1",
      "from": "git+https://github.com/simpleledger/slp-unit-test-data.git",
      "dev": true
    },
    "yn": {
      "version": "3.1.1",
      "resolved": "https://registry.npmjs.org/yn/-/yn-3.1.1.tgz",
      "integrity": "sha512-Ux4ygGWsu2c7isFWe8Yu1YluJmqVhxqK2cLXNQA5AcC3QfbGNpM7fu0Y8b/z16pXLnFxZYvWhd3fhBY9DLmC6Q==",
      "dev": true
    }
  }
}
