PODS:
  - Expecta (1.0.6)
  - InAppSettingsKit (3.1.4)
  - OCMock (3.7.1)
  - OHHTTPStubs (9.0.0):
    - OHHTTPStubs/Default (= 9.0.0)
  - OHHTTPStubs/Core (9.0.0)
  - OHHTTPStubs/Default (9.0.0):
    - OHHTTPStubs/Core
    - OHHTTPStubs/JSON
    - OHHTTPStubs/NSURLSession
    - OHHTTPStubs/OHPathHelpers
  - OHHTTPStubs/JSON (9.0.0):
    - OHHTTPStubs/Core
  - OHHTTPStubs/NSURLSession (9.0.0):
    - OHHTTPStubs/Core
  - OHHTTPStubs/OHPathHelpers (9.0.0)
  - Specta (1.0.7)
  - xcbeautify (0.8.1)

DEPENDENCIES:
  - Expecta
  - InAppSettingsKit
  - OCMock
  - OHHTTPStubs
  - Specta
  - xcbeautify

SPEC REPOS:
  trunk:
    - Expecta
    - InAppSettingsKit
    - OCMock
    - OHHTTPStubs
    - Specta
    - xcbeautify

SPEC CHECKSUMS:
  Expecta: 3b6bd90a64b9a1dcb0b70aa0e10a7f8f631667d5
  InAppSettingsKit: 01fb9774c74a11fefc521f29cb2338909e1c2b61
  OCMock: 75fbeaa46a9b11f8c182bbb1d1f7e9a35ccc9955
  OHHTTPStubs: cb29d2a9d09a828ecb93349a2b0c64f99e0db89f
  Specta: 3e1bd89c3517421982dc4d1c992503e48bd5fe66
  xcbeautify: a3b03e4a38eb1a5766a83a7a3c53915a233572e3

PODFILE CHECKSUM: 75163f16229528991a9364c7c1a44cd57a30cac6

COCOAPODS: 1.10.1
